
Microsoft Visual Studio Solution File, Format Version 12.00
# Visual Studio Version 17
VisualStudioVersion = 17.5.002.0
MinimumVisualStudioVersion = 10.0.40219.1
Project("{9A19103F-16F7-4668-BE54-9A1E7A4F7556}") = "refreshProjectDotNet", "refreshProjectDotNet.csproj", "{178E913E-903E-487E-83E3-4A52C514A90E}"
EndProject
Global
	GlobalSection(SolutionConfigurationPlatforms) = preSolution
		Debug|Any CPU = Debug|Any CPU
		Release|Any CPU = Release|Any CPU
	EndGlobalSection
	GlobalSection(ProjectConfigurationPlatforms) = postSolution
		{178E913E-903E-487E-83E3-4A52C514A90E}.Debug|Any CPU.ActiveCfg = Debug|Any CPU
		{178E913E-903E-487E-83E3-4A52C514A90E}.Debug|Any CPU.Build.0 = Debug|Any CPU
		{178E913E-903E-487E-83E3-4A52C514A90E}.Release|Any CPU.ActiveCfg = Release|Any CPU
		{178E913E-903E-487E-83E3-4A52C514A90E}.Release|Any CPU.Build.0 = Release|Any CPU
	EndGlobalSection
	GlobalSection(SolutionProperties) = preSolution
		HideSolutionNode = FALSE
	EndGlobalSection
	GlobalSection(ExtensibilityGlobals) = postSolution
		SolutionGuid = {87E7023C-625A-445D-9F85-17FDFD69A145}
	EndGlobalSection
EndGlobal
